
Microsoft Visual Studio Solution File, Format Version 12.00
# Visual Studio Version 16
VisualStudioVersion = 16.0.31410.357
MinimumVisualStudioVersion = 10.0.40219.1
Project("{FAE04EC0-301F-11D3-BF4B-00C04F79EFBC}") = "MVC_Data_Assignment1", "MVC_Data_Assignment1\MVC_Data_Assignment1.csproj", "{FBCC816E-0F9E-4C4F-9020-C9F35A181C1D}"
EndProject
Global
	GlobalSection(SolutionConfigurationPlatforms) = preSolution
		Debug|Any CPU = Debug|Any CPU
		Release|Any CPU = Release|Any CPU
	EndGlobalSection
	GlobalSection(ProjectConfigurationPlatforms) = postSolution
		{FBCC816E-0F9E-4C4F-9020-C9F35A181C1D}.Debug|Any CPU.ActiveCfg = Debug|Any CPU
		{FBCC816E-0F9E-4C4F-9020-C9F35A181C1D}.Debug|Any CPU.Build.0 = Debug|Any CPU
		{FBCC816E-0F9E-4C4F-9020-C9F35A181C1D}.Release|Any CPU.ActiveCfg = Release|Any CPU
		{FBCC816E-0F9E-4C4F-9020-C9F35A181C1D}.Release|Any CPU.Build.0 = Release|Any CPU
	EndGlobalSection
	GlobalSection(SolutionProperties) = preSolution
		HideSolutionNode = FALSE
	EndGlobalSection
	GlobalSection(ExtensibilityGlobals) = postSolution
		SolutionGuid = {DD4610F9-05B4-4EB6-B254-A7183A8FBDDD}
	EndGlobalSection
EndGlobal
